
Microsoft Visual Studio Solution File, Format Version 12.00
# Visual Studio 15
VisualStudioVersion = 15.0.27428.2037
MinimumVisualStudioVersion = 10.0.40219.1
Project("{9A19103F-16F7-4668-BE54-9A1E7A4F7556}") = "Caching", "Sekoia.Caching\Caching.csproj", "{630B2C08-5764-480D-BA09-D511C7BA3043}"
EndProject
Project("{FAE04EC0-301F-11D3-BF4B-00C04F79EFBC}") = "Caching.Widgets", "Sekoia.Caching.Widgets\Caching.Widgets.csproj", "{73D37D05-107D-4291-828B-FC0F92BBBB85}"
EndProject
Project("{9A19103F-16F7-4668-BE54-9A1E7A4F7556}") = "Caching.Test", "Sekoia.Caching.Test\Caching.Test.csproj", "{4B09F030-4692-4854-BA63-A7A2FA828A05}"
EndProject
Global
	GlobalSection(SolutionConfigurationPlatforms) = preSolution
		Debug|Any CPU = Debug|Any CPU
		Release|Any CPU = Release|Any CPU
	EndGlobalSection
	GlobalSection(ProjectConfigurationPlatforms) = postSolution
		{630B2C08-5764-480D-BA09-D511C7BA3043}.Debug|Any CPU.ActiveCfg = Debug|Any CPU
		{630B2C08-5764-480D-BA09-D511C7BA3043}.Debug|Any CPU.Build.0 = Debug|Any CPU
		{630B2C08-5764-480D-BA09-D511C7BA3043}.Release|Any CPU.ActiveCfg = Release|Any CPU
		{630B2C08-5764-480D-BA09-D511C7BA3043}.Release|Any CPU.Build.0 = Release|Any CPU
		{73D37D05-107D-4291-828B-FC0F92BBBB85}.Debug|Any CPU.ActiveCfg = Debug|Any CPU
		{73D37D05-107D-4291-828B-FC0F92BBBB85}.Debug|Any CPU.Build.0 = Debug|Any CPU
		{73D37D05-107D-4291-828B-FC0F92BBBB85}.Release|Any CPU.ActiveCfg = Release|Any CPU
		{73D37D05-107D-4291-828B-FC0F92BBBB85}.Release|Any CPU.Build.0 = Release|Any CPU
		{4B09F030-4692-4854-BA63-A7A2FA828A05}.Debug|Any CPU.ActiveCfg = Debug|Any CPU
		{4B09F030-4692-4854-BA63-A7A2FA828A05}.Debug|Any CPU.Build.0 = Debug|Any CPU
		{4B09F030-4692-4854-BA63-A7A2FA828A05}.Release|Any CPU.ActiveCfg = Release|Any CPU
		{4B09F030-4692-4854-BA63-A7A2FA828A05}.Release|Any CPU.Build.0 = Release|Any CPU
	EndGlobalSection
	GlobalSection(SolutionProperties) = preSolution
		HideSolutionNode = FALSE
	EndGlobalSection
	GlobalSection(ExtensibilityGlobals) = postSolution
		SolutionGuid = {A8E8D74E-CA38-4CD6-8394-67EFF15CF549}
	EndGlobalSection
EndGlobal
